// !$*UTF8*$!
{
	archiveVersion = 1;
	classes = {
	};
	objectVersion = 50;
	objects = {

/* Begin PBXBuildFile section */
		0E4FA1BDA30CBE745FF6567A /* libPods-apduKitTests.a in Frameworks */ = {isa = PBXBuildFile; fileRef = ECCD530AFE02D99E7F4C2939 /* libPods-apduKitTests.a */; };
		2713D128213EC57D0026F412 /* InterpreterErrors.swift in Sources */ = {isa = PBXBuildFile; fileRef = 2713D127213EC57D0026F412 /* InterpreterErrors.swift */; };
		2713D129213EC5820026F412 /* InterpreterErrors.swift in Sources */ = {isa = PBXBuildFile; fileRef = 2713D127213EC57D0026F412 /* InterpreterErrors.swift */; };
		2713D12B213EC8670026F412 /* TransportLayerSimulatorTests.swift in Sources */ = {isa = PBXBuildFile; fileRef = 2713D12A213EC8670026F412 /* TransportLayerSimulatorTests.swift */; };
		2713D12D213EC9DF0026F412 /* TransportLayer.swift in Sources */ = {isa = PBXBuildFile; fileRef = 27C82253213EC306005D7B9B /* TransportLayer.swift */; };
		2713D12E213EC9DF0026F412 /* TransportLayerDelegate.swift in Sources */ = {isa = PBXBuildFile; fileRef = 27C82256213EC3D6005D7B9B /* TransportLayerDelegate.swift */; };
		2713D12F213EC9DF0026F412 /* TransportLayerSimulator.swift in Sources */ = {isa = PBXBuildFile; fileRef = 27C8225A213EC40F005D7B9B /* TransportLayerSimulator.swift */; };
		2713D132213ECB4A0026F412 /* GeneratedMocks.swift in Sources */ = {isa = PBXBuildFile; fileRef = 2713D131213ECB4A0026F412 /* GeneratedMocks.swift */; };
		2713D136213ECDF00026F412 /* MatchableArray.swift in Sources */ = {isa = PBXBuildFile; fileRef = 2713D135213ECDF00026F412 /* MatchableArray.swift */; };
		271EFF8D2137E48D0000CBAF /* ResponseApduBuildTests.swift in Sources */ = {isa = PBXBuildFile; fileRef = 271EFF8C2137E48D0000CBAF /* ResponseApduBuildTests.swift */; };
		271EFF902137E8260000CBAF /* ResponseApduParseTests.swift in Sources */ = {isa = PBXBuildFile; fileRef = 271EFF8F2137E8260000CBAF /* ResponseApduParseTests.swift */; };
		271EFF922137EEFB0000CBAF /* ReadBinaryCommand.swift in Sources */ = {isa = PBXBuildFile; fileRef = 271EFF912137EEFB0000CBAF /* ReadBinaryCommand.swift */; };
		271EFF95213817E60000CBAF /* ReadBinaryShortFileIDCommand.swift in Sources */ = {isa = PBXBuildFile; fileRef = 271EFF94213817E60000CBAF /* ReadBinaryShortFileIDCommand.swift */; };
		271EFF98213824480000CBAF /* ReadBinaryOffsetCommandBuildTests.swift in Sources */ = {isa = PBXBuildFile; fileRef = 271EFF97213824480000CBAF /* ReadBinaryOffsetCommandBuildTests.swift */; };
		271EFF9A213826910000CBAF /* ReadBinaryOffsetCommand.swift in Sources */ = {isa = PBXBuildFile; fileRef = 271EFF99213826910000CBAF /* ReadBinaryOffsetCommand.swift */; };
		271EFF9C213830C90000CBAF /* Types.swift in Sources */ = {isa = PBXBuildFile; fileRef = 2745A06B21301A5800A4F538 /* Types.swift */; };
		271EFF9D213830C90000CBAF /* SelectCommand.swift in Sources */ = {isa = PBXBuildFile; fileRef = 27BAE41C213426DC00EEE5A1 /* SelectCommand.swift */; };
		271EFF9E213830C90000CBAF /* ResponseApdu.swift in Sources */ = {isa = PBXBuildFile; fileRef = 27530A2B2136DD3B0064B48B /* ResponseApdu.swift */; };
		271EFF9F213830C90000CBAF /* ReadBinaryCommand.swift in Sources */ = {isa = PBXBuildFile; fileRef = 271EFF912137EEFB0000CBAF /* ReadBinaryCommand.swift */; };
		271EFFA0213830C90000CBAF /* ReadBinaryShortFileIDCommand.swift in Sources */ = {isa = PBXBuildFile; fileRef = 271EFF94213817E60000CBAF /* ReadBinaryShortFileIDCommand.swift */; };
		271EFFA1213830C90000CBAF /* ReadBinaryOffsetCommand.swift in Sources */ = {isa = PBXBuildFile; fileRef = 271EFF99213826910000CBAF /* ReadBinaryOffsetCommand.swift */; };
		271EFFA321383D5C0000CBAF /* ReadBinaryOffsetCommandParseTests.swift in Sources */ = {isa = PBXBuildFile; fileRef = 271EFFA221383D5C0000CBAF /* ReadBinaryOffsetCommandParseTests.swift */; };
		271EFFA5213844A50000CBAF /* ReadBinaryShortFileIDCommandParseTests.swift in Sources */ = {isa = PBXBuildFile; fileRef = 271EFFA4213844A50000CBAF /* ReadBinaryShortFileIDCommandParseTests.swift */; };
		2745A0422130016800A4F538 /* apduKit.framework in Frameworks */ = {isa = PBXBuildFile; fileRef = 2745A0382130016700A4F538 /* apduKit.framework */; };
		2745A057213001D500A4F538 /* Apdu.swift in Sources */ = {isa = PBXBuildFile; fileRef = 2745A056213001D500A4F538 /* Apdu.swift */; };
		2745A0592130026E00A4F538 /* CommandApdu.swift in Sources */ = {isa = PBXBuildFile; fileRef = 2745A0582130026E00A4F538 /* CommandApdu.swift */; };
		2745A0602130030500A4F538 /* FileID.swift in Sources */ = {isa = PBXBuildFile; fileRef = 2745A05F2130030500A4F538 /* FileID.swift */; };
		2745A0622130034700A4F538 /* DedicatedFileID.swift in Sources */ = {isa = PBXBuildFile; fileRef = 2745A0612130034700A4F538 /* DedicatedFileID.swift */; };
		2745A0642130037000A4F538 /* ElementaryFileID.swift in Sources */ = {isa = PBXBuildFile; fileRef = 2745A0632130037000A4F538 /* ElementaryFileID.swift */; };
		2745A0662130094A00A4F538 /* Constants.swift in Sources */ = {isa = PBXBuildFile; fileRef = 2745A0652130094A00A4F538 /* Constants.swift */; };
		2745A06A2130176700A4F538 /* ConversionUtils.swift in Sources */ = {isa = PBXBuildFile; fileRef = 2745A0692130176700A4F538 /* ConversionUtils.swift */; };
		2745A06C21301A5800A4F538 /* Types.swift in Sources */ = {isa = PBXBuildFile; fileRef = 2745A06B21301A5800A4F538 /* Types.swift */; };
		2745A070213031FB00A4F538 /* InstructionClass.swift in Sources */ = {isa = PBXBuildFile; fileRef = 2745A06F213031FB00A4F538 /* InstructionClass.swift */; };
		2745A0732130331700A4F538 /* ConversionUtilsTests.swift in Sources */ = {isa = PBXBuildFile; fileRef = 2745A0722130331700A4F538 /* ConversionUtilsTests.swift */; };
		2745A0752130338800A4F538 /* ConversionUtils.swift in Sources */ = {isa = PBXBuildFile; fileRef = 2745A0692130176700A4F538 /* ConversionUtils.swift */; };
		2745A0772130440300A4F538 /* ConversionUtilsErrors.swift in Sources */ = {isa = PBXBuildFile; fileRef = 2745A0762130440300A4F538 /* ConversionUtilsErrors.swift */; };
		2745A0782130441E00A4F538 /* ConversionUtilsErrors.swift in Sources */ = {isa = PBXBuildFile; fileRef = 2745A0762130440300A4F538 /* ConversionUtilsErrors.swift */; };
		27530A08213578B60064B48B /* ApduUtils.swift in Sources */ = {isa = PBXBuildFile; fileRef = 27BAE4202134322800EEE5A1 /* ApduUtils.swift */; };
		27530A0B21357DBE0064B48B /* ApduLengthUtilsUnitTests.swift in Sources */ = {isa = PBXBuildFile; fileRef = 27530A0A21357DBE0064B48B /* ApduLengthUtilsUnitTests.swift */; };
		27530A0C21357ED10064B48B /* ApduLengthUtils.swift in Sources */ = {isa = PBXBuildFile; fileRef = 27BAE4222134484100EEE5A1 /* ApduLengthUtils.swift */; };
		27530A0D213587FD0064B48B /* ApduErrors.swift in Sources */ = {isa = PBXBuildFile; fileRef = 27BAE41721341FBA00EEE5A1 /* ApduErrors.swift */; };
		27530A10213691A80064B48B /* SelectCommandBuildTests.swift in Sources */ = {isa = PBXBuildFile; fileRef = 27530A0F213691A80064B48B /* SelectCommandBuildTests.swift */; };
		27530A14213698150064B48B /* Apdu.swift in Sources */ = {isa = PBXBuildFile; fileRef = 2745A056213001D500A4F538 /* Apdu.swift */; };
		27530A15213698150064B48B /* CommandApdu.swift in Sources */ = {isa = PBXBuildFile; fileRef = 2745A0582130026E00A4F538 /* CommandApdu.swift */; };
		27530A16213698150064B48B /* Constants.swift in Sources */ = {isa = PBXBuildFile; fileRef = 2745A0652130094A00A4F538 /* Constants.swift */; };
		27530A19213698180064B48B /* ExpectedResult.swift in Sources */ = {isa = PBXBuildFile; fileRef = 27BAE41E2134283B00EEE5A1 /* ExpectedResult.swift */; };
		27530A1A213698180064B48B /* InstructionClass.swift in Sources */ = {isa = PBXBuildFile; fileRef = 2745A06F213031FB00A4F538 /* InstructionClass.swift */; };
		27530A1B213698180064B48B /* InstructionCode.swift in Sources */ = {isa = PBXBuildFile; fileRef = 27BAE4092133FDD000EEE5A1 /* InstructionCode.swift */; };
		27530A1C213698180064B48B /* SelectFileType.swift in Sources */ = {isa = PBXBuildFile; fileRef = 27BAE40D21340D2800EEE5A1 /* SelectFileType.swift */; };
		27530A1D213698180064B48B /* StatusCode.swift in Sources */ = {isa = PBXBuildFile; fileRef = 27BAE40F21340DFB00EEE5A1 /* StatusCode.swift */; };
		27530A21213698200064B48B /* FileID.swift in Sources */ = {isa = PBXBuildFile; fileRef = 2745A05F2130030500A4F538 /* FileID.swift */; };
		27530A22213698200064B48B /* DedicatedFileID.swift in Sources */ = {isa = PBXBuildFile; fileRef = 2745A0612130034700A4F538 /* DedicatedFileID.swift */; };
		27530A23213698200064B48B /* ElementaryFileID.swift in Sources */ = {isa = PBXBuildFile; fileRef = 2745A0632130037000A4F538 /* ElementaryFileID.swift */; };
		27530A24213698200064B48B /* ApduFile.swift in Sources */ = {isa = PBXBuildFile; fileRef = 27BAE411213413F700EEE5A1 /* ApduFile.swift */; };
		27530A262136987A0064B48B /* ExampleApp.swift in Sources */ = {isa = PBXBuildFile; fileRef = 27530A252136987A0064B48B /* ExampleApp.swift */; };
		27530A2821369CC50064B48B /* ExampleApp.swift in Sources */ = {isa = PBXBuildFile; fileRef = 27530A252136987A0064B48B /* ExampleApp.swift */; };
		27530A2A2136CD5A0064B48B /* SelectCommandParseTests.swift in Sources */ = {isa = PBXBuildFile; fileRef = 27530A292136CD5A0064B48B /* SelectCommandParseTests.swift */; };
		27530A2C2136DD3B0064B48B /* ResponseApdu.swift in Sources */ = {isa = PBXBuildFile; fileRef = 27530A2B2136DD3B0064B48B /* ResponseApdu.swift */; };
		27BAE40A2133FDD000EEE5A1 /* InstructionCode.swift in Sources */ = {isa = PBXBuildFile; fileRef = 27BAE4092133FDD000EEE5A1 /* InstructionCode.swift */; };
		27BAE40E21340D2800EEE5A1 /* SelectFileType.swift in Sources */ = {isa = PBXBuildFile; fileRef = 27BAE40D21340D2800EEE5A1 /* SelectFileType.swift */; };
		27BAE41021340DFB00EEE5A1 /* StatusCode.swift in Sources */ = {isa = PBXBuildFile; fileRef = 27BAE40F21340DFB00EEE5A1 /* StatusCode.swift */; };
		27BAE412213413F700EEE5A1 /* ApduFile.swift in Sources */ = {isa = PBXBuildFile; fileRef = 27BAE411213413F700EEE5A1 /* ApduFile.swift */; };
		27BAE41821341FBA00EEE5A1 /* ApduErrors.swift in Sources */ = {isa = PBXBuildFile; fileRef = 27BAE41721341FBA00EEE5A1 /* ApduErrors.swift */; };
		27BAE41D213426DC00EEE5A1 /* SelectCommand.swift in Sources */ = {isa = PBXBuildFile; fileRef = 27BAE41C213426DC00EEE5A1 /* SelectCommand.swift */; };
		27BAE41F2134283B00EEE5A1 /* ExpectedResult.swift in Sources */ = {isa = PBXBuildFile; fileRef = 27BAE41E2134283B00EEE5A1 /* ExpectedResult.swift */; };
		27BAE4212134322800EEE5A1 /* ApduUtils.swift in Sources */ = {isa = PBXBuildFile; fileRef = 27BAE4202134322800EEE5A1 /* ApduUtils.swift */; };
		27BAE4232134484100EEE5A1 /* ApduLengthUtils.swift in Sources */ = {isa = PBXBuildFile; fileRef = 27BAE4222134484100EEE5A1 /* ApduLengthUtils.swift */; };
		27BAE42621344EC900EEE5A1 /* StreamsTest.swift in Sources */ = {isa = PBXBuildFile; fileRef = 27BAE42521344EC900EEE5A1 /* StreamsTest.swift */; };
		27BAE42A21353CAE00EEE5A1 /* ByteArrayOutputStream.swift in Sources */ = {isa = PBXBuildFile; fileRef = 27BAE42921353CAE00EEE5A1 /* ByteArrayOutputStream.swift */; };
		27BAE42B21353FDD00EEE5A1 /* ByteArrayOutputStream.swift in Sources */ = {isa = PBXBuildFile; fileRef = 27BAE42921353CAE00EEE5A1 /* ByteArrayOutputStream.swift */; };
		27BAE42D2135420D00EEE5A1 /* ByteArrayInputStream.swift in Sources */ = {isa = PBXBuildFile; fileRef = 27BAE42C2135420D00EEE5A1 /* ByteArrayInputStream.swift */; };
		27BAE42E2135451600EEE5A1 /* ByteArrayInputStream.swift in Sources */ = {isa = PBXBuildFile; fileRef = 27BAE42C2135420D00EEE5A1 /* ByteArrayInputStream.swift */; };
		27C82251213EBB33005D7B9B /* ReadBinaryShortFileIDCommandBuildTests.swift in Sources */ = {isa = PBXBuildFile; fileRef = 27C82250213EBB33005D7B9B /* ReadBinaryShortFileIDCommandBuildTests.swift */; };
		27C82254213EC306005D7B9B /* TransportLayer.swift in Sources */ = {isa = PBXBuildFile; fileRef = 27C82253213EC306005D7B9B /* TransportLayer.swift */; };
		27C82257213EC3D6005D7B9B /* TransportLayerDelegate.swift in Sources */ = {isa = PBXBuildFile; fileRef = 27C82256213EC3D6005D7B9B /* TransportLayerDelegate.swift */; };
		27C8225B213EC40F005D7B9B /* TransportLayerSimulator.swift in Sources */ = {isa = PBXBuildFile; fileRef = 27C8225A213EC40F005D7B9B /* TransportLayerSimulator.swift */; };
		27DB4BBB2141775A005E0884 /* InternalAuthenticateCommand.swift in Sources */ = {isa = PBXBuildFile; fileRef = 27DB4BBA2141775A005E0884 /* InternalAuthenticateCommand.swift */; };
		27DB4BBC2141775C005E0884 /* InternalAuthenticateCommand.swift in Sources */ = {isa = PBXBuildFile; fileRef = 27DB4BBA2141775A005E0884 /* InternalAuthenticateCommand.swift */; };
		DF767E696FBACB2187AB8E77 /* libPods-apduKit.a in Frameworks */ = {isa = PBXBuildFile; fileRef = 7BC7D1FF68A78E332DE2F26D /* libPods-apduKit.a */; };
/* End PBXBuildFile section */

/* Begin PBXContainerItemProxy section */
		2745A0432130016800A4F538 /* PBXContainerItemProxy */ = {
			isa = PBXContainerItemProxy;
			containerPortal = 2745A02F2130016700A4F538 /* Project object */;
			proxyType = 1;
			remoteGlobalIDString = 2745A0372130016700A4F538;
			remoteInfo = apduKit;
		};
/* End PBXContainerItemProxy section */

/* Begin PBXFileReference section */
		22D55AAAA3F66934D97DFF76 /* Pods-apduKit.debug.xcconfig */ = {isa = PBXFileReference; includeInIndex = 1; lastKnownFileType = text.xcconfig; name = "Pods-apduKit.debug.xcconfig"; path = "Pods/Target Support Files/Pods-apduKit/Pods-apduKit.debug.xcconfig"; sourceTree = "<group>"; };
		2713D127213EC57D0026F412 /* InterpreterErrors.swift */ = {isa = PBXFileReference; lastKnownFileType = sourcecode.swift; path = InterpreterErrors.swift; sourceTree = "<group>"; };
		2713D12A213EC8670026F412 /* TransportLayerSimulatorTests.swift */ = {isa = PBXFileReference; lastKnownFileType = sourcecode.swift; path = TransportLayerSimulatorTests.swift; sourceTree = "<group>"; };
		2713D131213ECB4A0026F412 /* GeneratedMocks.swift */ = {isa = PBXFileReference; fileEncoding = 4; lastKnownFileType = sourcecode.swift; path = GeneratedMocks.swift; sourceTree = "<group>"; };
		2713D135213ECDF00026F412 /* MatchableArray.swift */ = {isa = PBXFileReference; lastKnownFileType = sourcecode.swift; path = MatchableArray.swift; sourceTree = "<group>"; };
		271EFF8C2137E48D0000CBAF /* ResponseApduBuildTests.swift */ = {isa = PBXFileReference; lastKnownFileType = sourcecode.swift; path = ResponseApduBuildTests.swift; sourceTree = "<group>"; };
		271EFF8F2137E8260000CBAF /* ResponseApduParseTests.swift */ = {isa = PBXFileReference; lastKnownFileType = sourcecode.swift; path = ResponseApduParseTests.swift; sourceTree = "<group>"; };
		271EFF912137EEFB0000CBAF /* ReadBinaryCommand.swift */ = {isa = PBXFileReference; lastKnownFileType = sourcecode.swift; path = ReadBinaryCommand.swift; sourceTree = "<group>"; };
		271EFF94213817E60000CBAF /* ReadBinaryShortFileIDCommand.swift */ = {isa = PBXFileReference; lastKnownFileType = sourcecode.swift; path = ReadBinaryShortFileIDCommand.swift; sourceTree = "<group>"; };
		271EFF97213824480000CBAF /* ReadBinaryOffsetCommandBuildTests.swift */ = {isa = PBXFileReference; lastKnownFileType = sourcecode.swift; path = ReadBinaryOffsetCommandBuildTests.swift; sourceTree = "<group>"; };
		271EFF99213826910000CBAF /* ReadBinaryOffsetCommand.swift */ = {isa = PBXFileReference; lastKnownFileType = sourcecode.swift; path = ReadBinaryOffsetCommand.swift; sourceTree = "<group>"; };
		271EFFA221383D5C0000CBAF /* ReadBinaryOffsetCommandParseTests.swift */ = {isa = PBXFileReference; lastKnownFileType = sourcecode.swift; path = ReadBinaryOffsetCommandParseTests.swift; sourceTree = "<group>"; };
		271EFFA4213844A50000CBAF /* ReadBinaryShortFileIDCommandParseTests.swift */ = {isa = PBXFileReference; lastKnownFileType = sourcecode.swift; path = ReadBinaryShortFileIDCommandParseTests.swift; sourceTree = "<group>"; };
		2745A0382130016700A4F538 /* apduKit.framework */ = {isa = PBXFileReference; explicitFileType = wrapper.framework; includeInIndex = 0; path = apduKit.framework; sourceTree = BUILT_PRODUCTS_DIR; };
		2745A03C2130016700A4F538 /* Info.plist */ = {isa = PBXFileReference; lastKnownFileType = text.plist.xml; path = Info.plist; sourceTree = "<group>"; };
		2745A0412130016800A4F538 /* apduKitTests.xctest */ = {isa = PBXFileReference; explicitFileType = wrapper.cfbundle; includeInIndex = 0; path = apduKitTests.xctest; sourceTree = BUILT_PRODUCTS_DIR; };
		2745A0482130016800A4F538 /* Info.plist */ = {isa = PBXFileReference; lastKnownFileType = text.plist.xml; path = Info.plist; sourceTree = "<group>"; };
		2745A056213001D500A4F538 /* Apdu.swift */ = {isa = PBXFileReference; lastKnownFileType = sourcecode.swift; path = Apdu.swift; sourceTree = "<group>"; };
		2745A0582130026E00A4F538 /* CommandApdu.swift */ = {isa = PBXFileReference; lastKnownFileType = sourcecode.swift; path = CommandApdu.swift; sourceTree = "<group>"; };
		2745A05F2130030500A4F538 /* FileID.swift */ = {isa = PBXFileReference; lastKnownFileType = sourcecode.swift; path = FileID.swift; sourceTree = "<group>"; };
		2745A0612130034700A4F538 /* DedicatedFileID.swift */ = {isa = PBXFileReference; lastKnownFileType = sourcecode.swift; path = DedicatedFileID.swift; sourceTree = "<group>"; };
		2745A0632130037000A4F538 /* ElementaryFileID.swift */ = {isa = PBXFileReference; lastKnownFileType = sourcecode.swift; path = ElementaryFileID.swift; sourceTree = "<group>"; };
		2745A0652130094A00A4F538 /* Constants.swift */ = {isa = PBXFileReference; lastKnownFileType = sourcecode.swift; path = Constants.swift; sourceTree = "<group>"; };
		2745A0692130176700A4F538 /* ConversionUtils.swift */ = {isa = PBXFileReference; lastKnownFileType = sourcecode.swift; path = ConversionUtils.swift; sourceTree = "<group>"; };
		2745A06B21301A5800A4F538 /* Types.swift */ = {isa = PBXFileReference; lastKnownFileType = sourcecode.swift; path = Types.swift; sourceTree = "<group>"; };
		2745A06F213031FB00A4F538 /* InstructionClass.swift */ = {isa = PBXFileReference; lastKnownFileType = sourcecode.swift; path = InstructionClass.swift; sourceTree = "<group>"; };
		2745A0722130331700A4F538 /* ConversionUtilsTests.swift */ = {isa = PBXFileReference; lastKnownFileType = sourcecode.swift; path = ConversionUtilsTests.swift; sourceTree = "<group>"; };
		2745A0762130440300A4F538 /* ConversionUtilsErrors.swift */ = {isa = PBXFileReference; lastKnownFileType = sourcecode.swift; path = ConversionUtilsErrors.swift; sourceTree = "<group>"; };
		27530A0A21357DBE0064B48B /* ApduLengthUtilsUnitTests.swift */ = {isa = PBXFileReference; lastKnownFileType = sourcecode.swift; path = ApduLengthUtilsUnitTests.swift; sourceTree = "<group>"; };
		27530A0F213691A80064B48B /* SelectCommandBuildTests.swift */ = {isa = PBXFileReference; lastKnownFileType = sourcecode.swift; path = SelectCommandBuildTests.swift; sourceTree = "<group>"; };
		27530A252136987A0064B48B /* ExampleApp.swift */ = {isa = PBXFileReference; lastKnownFileType = sourcecode.swift; path = ExampleApp.swift; sourceTree = "<group>"; };
		27530A292136CD5A0064B48B /* SelectCommandParseTests.swift */ = {isa = PBXFileReference; lastKnownFileType = sourcecode.swift; path = SelectCommandParseTests.swift; sourceTree = "<group>"; };
		27530A2B2136DD3B0064B48B /* ResponseApdu.swift */ = {isa = PBXFileReference; lastKnownFileType = sourcecode.swift; path = ResponseApdu.swift; sourceTree = "<group>"; };
		27BAE4092133FDD000EEE5A1 /* InstructionCode.swift */ = {isa = PBXFileReference; lastKnownFileType = sourcecode.swift; path = InstructionCode.swift; sourceTree = "<group>"; };
		27BAE40D21340D2800EEE5A1 /* SelectFileType.swift */ = {isa = PBXFileReference; lastKnownFileType = sourcecode.swift; path = SelectFileType.swift; sourceTree = "<group>"; };
		27BAE40F21340DFB00EEE5A1 /* StatusCode.swift */ = {isa = PBXFileReference; lastKnownFileType = sourcecode.swift; path = StatusCode.swift; sourceTree = "<group>"; };
		27BAE411213413F700EEE5A1 /* ApduFile.swift */ = {isa = PBXFileReference; lastKnownFileType = sourcecode.swift; path = ApduFile.swift; sourceTree = "<group>"; };
		27BAE41721341FBA00EEE5A1 /* ApduErrors.swift */ = {isa = PBXFileReference; lastKnownFileType = sourcecode.swift; path = ApduErrors.swift; sourceTree = "<group>"; };
		27BAE41C213426DC00EEE5A1 /* SelectCommand.swift */ = {isa = PBXFileReference; lastKnownFileType = sourcecode.swift; path = SelectCommand.swift; sourceTree = "<group>"; };
		27BAE41E2134283B00EEE5A1 /* ExpectedResult.swift */ = {isa = PBXFileReference; fileEncoding = 4; lastKnownFileType = sourcecode.swift; path = ExpectedResult.swift; sourceTree = "<group>"; };
		27BAE4202134322800EEE5A1 /* ApduUtils.swift */ = {isa = PBXFileReference; lastKnownFileType = sourcecode.swift; path = ApduUtils.swift; sourceTree = "<group>"; };
		27BAE4222134484100EEE5A1 /* ApduLengthUtils.swift */ = {isa = PBXFileReference; lastKnownFileType = sourcecode.swift; path = ApduLengthUtils.swift; sourceTree = "<group>"; };
		27BAE42521344EC900EEE5A1 /* StreamsTest.swift */ = {isa = PBXFileReference; lastKnownFileType = sourcecode.swift; path = StreamsTest.swift; sourceTree = "<group>"; };
		27BAE42921353CAE00EEE5A1 /* ByteArrayOutputStream.swift */ = {isa = PBXFileReference; lastKnownFileType = sourcecode.swift; path = ByteArrayOutputStream.swift; sourceTree = "<group>"; };
		27BAE42C2135420D00EEE5A1 /* ByteArrayInputStream.swift */ = {isa = PBXFileReference; lastKnownFileType = sourcecode.swift; path = ByteArrayInputStream.swift; sourceTree = "<group>"; };
		27C82250213EBB33005D7B9B /* ReadBinaryShortFileIDCommandBuildTests.swift */ = {isa = PBXFileReference; lastKnownFileType = sourcecode.swift; path = ReadBinaryShortFileIDCommandBuildTests.swift; sourceTree = "<group>"; };
		27C82253213EC306005D7B9B /* TransportLayer.swift */ = {isa = PBXFileReference; lastKnownFileType = sourcecode.swift; path = TransportLayer.swift; sourceTree = "<group>"; };
		27C82256213EC3D6005D7B9B /* TransportLayerDelegate.swift */ = {isa = PBXFileReference; lastKnownFileType = sourcecode.swift; path = TransportLayerDelegate.swift; sourceTree = "<group>"; };
		27C8225A213EC40F005D7B9B /* TransportLayerSimulator.swift */ = {isa = PBXFileReference; lastKnownFileType = sourcecode.swift; path = TransportLayerSimulator.swift; sourceTree = "<group>"; };
		27DB4BBA2141775A005E0884 /* InternalAuthenticateCommand.swift */ = {isa = PBXFileReference; lastKnownFileType = sourcecode.swift; path = InternalAuthenticateCommand.swift; sourceTree = "<group>"; };
		4168A7FF25407A3FDA5F6472 /* Pods-apduKit.release.xcconfig */ = {isa = PBXFileReference; includeInIndex = 1; lastKnownFileType = text.xcconfig; name = "Pods-apduKit.release.xcconfig"; path = "Pods/Target Support Files/Pods-apduKit/Pods-apduKit.release.xcconfig"; sourceTree = "<group>"; };
		66E2C831B4874F0A2706873D /* Pods-apduKitTests.release.xcconfig */ = {isa = PBXFileReference; includeInIndex = 1; lastKnownFileType = text.xcconfig; name = "Pods-apduKitTests.release.xcconfig"; path = "Pods/Target Support Files/Pods-apduKitTests/Pods-apduKitTests.release.xcconfig"; sourceTree = "<group>"; };
		7BC7D1FF68A78E332DE2F26D /* libPods-apduKit.a */ = {isa = PBXFileReference; explicitFileType = archive.ar; includeInIndex = 0; path = "libPods-apduKit.a"; sourceTree = BUILT_PRODUCTS_DIR; };
		ECCD530AFE02D99E7F4C2939 /* libPods-apduKitTests.a */ = {isa = PBXFileReference; explicitFileType = archive.ar; includeInIndex = 0; path = "libPods-apduKitTests.a"; sourceTree = BUILT_PRODUCTS_DIR; };
		F8EF3BAF405520F7DEEA84EE /* Pods-apduKitTests.debug.xcconfig */ = {isa = PBXFileReference; includeInIndex = 1; lastKnownFileType = text.xcconfig; name = "Pods-apduKitTests.debug.xcconfig"; path = "Pods/Target Support Files/Pods-apduKitTests/Pods-apduKitTests.debug.xcconfig"; sourceTree = "<group>"; };
/* End PBXFileReference section */

/* Begin PBXFrameworksBuildPhase section */
		2745A0342130016700A4F538 /* Frameworks */ = {
			isa = PBXFrameworksBuildPhase;
			buildActionMask = 2147483647;
			files = (
				DF767E696FBACB2187AB8E77 /* libPods-apduKit.a in Frameworks */,
			);
			runOnlyForDeploymentPostprocessing = 0;
		};
		2745A03E2130016800A4F538 /* Frameworks */ = {
			isa = PBXFrameworksBuildPhase;
			buildActionMask = 2147483647;
			files = (
				2745A0422130016800A4F538 /* apduKit.framework in Frameworks */,
				0E4FA1BDA30CBE745FF6567A /* libPods-apduKitTests.a in Frameworks */,
			);
			runOnlyForDeploymentPostprocessing = 0;
		};
/* End PBXFrameworksBuildPhase section */

/* Begin PBXGroup section */
		07692761D88A04236C2B846E /* Pods */ = {
			isa = PBXGroup;
			children = (
				22D55AAAA3F66934D97DFF76 /* Pods-apduKit.debug.xcconfig */,
				4168A7FF25407A3FDA5F6472 /* Pods-apduKit.release.xcconfig */,
				F8EF3BAF405520F7DEEA84EE /* Pods-apduKitTests.debug.xcconfig */,
				66E2C831B4874F0A2706873D /* Pods-apduKitTests.release.xcconfig */,
			);
			name = Pods;
			sourceTree = "<group>";
		};
		2713D126213EC5630026F412 /* Exceptions */ = {
			isa = PBXGroup;
			children = (
				2713D127213EC57D0026F412 /* InterpreterErrors.swift */,
			);
			path = Exceptions;
			sourceTree = "<group>";
		};
		2745A02E2130016700A4F538 = {
			isa = PBXGroup;
			children = (
				2745A03A2130016700A4F538 /* apduKit */,
				2745A0452130016800A4F538 /* apduKitTests */,
				2745A0392130016700A4F538 /* Products */,
				07692761D88A04236C2B846E /* Pods */,
				BAAADE8799BFD547F43B80DB /* Frameworks */,
			);
			sourceTree = "<group>";
		};
		2745A0392130016700A4F538 /* Products */ = {
			isa = PBXGroup;
			children = (
				2745A0382130016700A4F538 /* apduKit.framework */,
				2745A0412130016800A4F538 /* apduKitTests.xctest */,
			);
			name = Products;
			sourceTree = "<group>";
		};
		2745A03A2130016700A4F538 /* apduKit */ = {
			isa = PBXGroup;
			children = (
				27BAE4132134153300EEE5A1 /* extensions */,
				2745A055213001B300A4F538 /* resources */,
				2745A054213001A500A4F538 /* interpreter */,
				2745A053213001A100A4F538 /* encoding */,
				2745A0522130019C00A4F538 /* apps */,
			);
			path = apduKit;
			sourceTree = "<group>";
		};
		2745A0452130016800A4F538 /* apduKitTests */ = {
			isa = PBXGroup;
			children = (
				2713D131213ECB4A0026F412 /* GeneratedMocks.swift */,
				27C82255213EC31C005D7B9B /* interpreter */,
				27BAE42421344EB400EEE5A1 /* extensions */,
				2745A06D2130244500A4F538 /* encoding */,
				2745A0482130016800A4F538 /* Info.plist */,
				2713D135213ECDF00026F412 /* MatchableArray.swift */,
			);
			path = apduKitTests;
			sourceTree = "<group>";
		};
		2745A0522130019C00A4F538 /* apps */ = {
			isa = PBXGroup;
			children = (
				27530A252136987A0064B48B /* ExampleApp.swift */,
			);
			path = apps;
			sourceTree = "<group>";
		};
		2745A053213001A100A4F538 /* encoding */ = {
			isa = PBXGroup;
			children = (
				2745A06E213031DA00A4F538 /* types */,
				2745A05E213002BB00A4F538 /* validation */,
				2745A05C213002B000A4F538 /* utilities */,
				2745A05B213002AB00A4F538 /* exceptions */,
				2745A05A213002A600A4F538 /* enums */,
				2745A056213001D500A4F538 /* Apdu.swift */,
				2745A0582130026E00A4F538 /* CommandApdu.swift */,
				2745A0652130094A00A4F538 /* Constants.swift */,
				2745A06B21301A5800A4F538 /* Types.swift */,
				27BAE41C213426DC00EEE5A1 /* SelectCommand.swift */,
				27530A2B2136DD3B0064B48B /* ResponseApdu.swift */,
				271EFF912137EEFB0000CBAF /* ReadBinaryCommand.swift */,
				271EFF94213817E60000CBAF /* ReadBinaryShortFileIDCommand.swift */,
				271EFF99213826910000CBAF /* ReadBinaryOffsetCommand.swift */,
				27DB4BBA2141775A005E0884 /* InternalAuthenticateCommand.swift */,
			);
			path = encoding;
			sourceTree = "<group>";
		};
		2745A054213001A500A4F538 /* interpreter */ = {
			isa = PBXGroup;
			children = (
				2713D126213EC5630026F412 /* Exceptions */,
				27C82252213EC2EC005D7B9B /* transportLayer */,
			);
			path = interpreter;
			sourceTree = "<group>";
		};
		2745A055213001B300A4F538 /* resources */ = {
			isa = PBXGroup;
			children = (
				2745A03C2130016700A4F538 /* Info.plist */,
			);
			path = resources;
			sourceTree = "<group>";
		};
		2745A05A213002A600A4F538 /* enums */ = {
			isa = PBXGroup;
			children = (
				27BAE41E2134283B00EEE5A1 /* ExpectedResult.swift */,
				2745A06F213031FB00A4F538 /* InstructionClass.swift */,
				27BAE4092133FDD000EEE5A1 /* InstructionCode.swift */,
				27BAE40D21340D2800EEE5A1 /* SelectFileType.swift */,
				27BAE40F21340DFB00EEE5A1 /* StatusCode.swift */,
			);
			path = enums;
			sourceTree = "<group>";
		};
		2745A05B213002AB00A4F538 /* exceptions */ = {
			isa = PBXGroup;
			children = (
				2745A0762130440300A4F538 /* ConversionUtilsErrors.swift */,
				27BAE41721341FBA00EEE5A1 /* ApduErrors.swift */,
			);
			path = exceptions;
			sourceTree = "<group>";
		};
		2745A05C213002B000A4F538 /* utilities */ = {
			isa = PBXGroup;
			children = (
				2745A0692130176700A4F538 /* ConversionUtils.swift */,
				27BAE4202134322800EEE5A1 /* ApduUtils.swift */,
				27BAE4222134484100EEE5A1 /* ApduLengthUtils.swift */,
			);
			path = utilities;
			sourceTree = "<group>";
		};
		2745A05E213002BB00A4F538 /* validation */ = {
			isa = PBXGroup;
			children = (
			);
			path = validation;
			sourceTree = "<group>";
		};
		2745A06D2130244500A4F538 /* encoding */ = {
			isa = PBXGroup;
			children = (
				2745A071213032FD00A4F538 /* utilities */,
				27530A0F213691A80064B48B /* SelectCommandBuildTests.swift */,
				27530A292136CD5A0064B48B /* SelectCommandParseTests.swift */,
				271EFF8C2137E48D0000CBAF /* ResponseApduBuildTests.swift */,
				271EFF8F2137E8260000CBAF /* ResponseApduParseTests.swift */,
				271EFF97213824480000CBAF /* ReadBinaryOffsetCommandBuildTests.swift */,
				271EFFA221383D5C0000CBAF /* ReadBinaryOffsetCommandParseTests.swift */,
				271EFFA4213844A50000CBAF /* ReadBinaryShortFileIDCommandParseTests.swift */,
				27C82250213EBB33005D7B9B /* ReadBinaryShortFileIDCommandBuildTests.swift */,
			);
			path = encoding;
			sourceTree = "<group>";
		};
		2745A06E213031DA00A4F538 /* types */ = {
			isa = PBXGroup;
			children = (
				2745A05F2130030500A4F538 /* FileID.swift */,
				2745A0612130034700A4F538 /* DedicatedFileID.swift */,
				2745A0632130037000A4F538 /* ElementaryFileID.swift */,
				27BAE411213413F700EEE5A1 /* ApduFile.swift */,
			);
			path = types;
			sourceTree = "<group>";
		};
		2745A071213032FD00A4F538 /* utilities */ = {
			isa = PBXGroup;
			children = (
				2745A0722130331700A4F538 /* ConversionUtilsTests.swift */,
				27530A0A21357DBE0064B48B /* ApduLengthUtilsUnitTests.swift */,
			);
			path = utilities;
			sourceTree = "<group>";
		};
		27BAE4132134153300EEE5A1 /* extensions */ = {
			isa = PBXGroup;
			children = (
				27BAE42921353CAE00EEE5A1 /* ByteArrayOutputStream.swift */,
				27BAE42C2135420D00EEE5A1 /* ByteArrayInputStream.swift */,
			);
			path = extensions;
			sourceTree = "<group>";
		};
		27BAE42421344EB400EEE5A1 /* extensions */ = {
			isa = PBXGroup;
			children = (
				27BAE42521344EC900EEE5A1 /* StreamsTest.swift */,
			);
			path = extensions;
			sourceTree = "<group>";
		};
		27C82252213EC2EC005D7B9B /* transportLayer */ = {
			isa = PBXGroup;
			children = (
				27C82253213EC306005D7B9B /* TransportLayer.swift */,
				27C82256213EC3D6005D7B9B /* TransportLayerDelegate.swift */,
				27C8225A213EC40F005D7B9B /* TransportLayerSimulator.swift */,
			);
			path = transportLayer;
			sourceTree = "<group>";
		};
		27C82255213EC31C005D7B9B /* interpreter */ = {
			isa = PBXGroup;
			children = (
				2713D12A213EC8670026F412 /* TransportLayerSimulatorTests.swift */,
			);
			path = interpreter;
			sourceTree = "<group>";
		};
		BAAADE8799BFD547F43B80DB /* Frameworks */ = {
			isa = PBXGroup;
			children = (
				7BC7D1FF68A78E332DE2F26D /* libPods-apduKit.a */,
				ECCD530AFE02D99E7F4C2939 /* libPods-apduKitTests.a */,
			);
			name = Frameworks;
			sourceTree = "<group>";
		};
/* End PBXGroup section */

/* Begin PBXHeadersBuildPhase section */
		2745A0352130016700A4F538 /* Headers */ = {
			isa = PBXHeadersBuildPhase;
			buildActionMask = 2147483647;
			files = (
			);
			runOnlyForDeploymentPostprocessing = 0;
		};
/* End PBXHeadersBuildPhase section */

/* Begin PBXNativeTarget section */
		2745A0372130016700A4F538 /* apduKit */ = {
			isa = PBXNativeTarget;
			buildConfigurationList = 2745A04C2130016800A4F538 /* Build configuration list for PBXNativeTarget "apduKit" */;
			buildPhases = (
				F59CC65FE385AF32D437BBDD /* [CP] Check Pods Manifest.lock */,
				2745A0332130016700A4F538 /* Sources */,
				2745A0342130016700A4F538 /* Frameworks */,
				2745A0352130016700A4F538 /* Headers */,
				2745A0362130016700A4F538 /* Resources */,
			);
			buildRules = (
			);
			dependencies = (
			);
			name = apduKit;
			productName = apduKit;
			productReference = 2745A0382130016700A4F538 /* apduKit.framework */;
			productType = "com.apple.product-type.framework";
		};
		2745A0402130016800A4F538 /* apduKitTests */ = {
			isa = PBXNativeTarget;
			buildConfigurationList = 2745A04F2130016800A4F538 /* Build configuration list for PBXNativeTarget "apduKitTests" */;
			buildPhases = (
				2713D130213ECA6A0026F412 /* ShellScript */,
				FDEC08E6E34644582B6CB88F /* [CP] Check Pods Manifest.lock */,
				2745A03D2130016800A4F538 /* Sources */,
				2745A03E2130016800A4F538 /* Frameworks */,
				2745A03F2130016800A4F538 /* Resources */,
			);
			buildRules = (
			);
			dependencies = (
				2745A0442130016800A4F538 /* PBXTargetDependency */,
			);
			name = apduKitTests;
			productName = apduKitTests;
			productReference = 2745A0412130016800A4F538 /* apduKitTests.xctest */;
			productType = "com.apple.product-type.bundle.unit-test";
		};
/* End PBXNativeTarget section */

/* Begin PBXProject section */
		2745A02F2130016700A4F538 /* Project object */ = {
			isa = PBXProject;
			attributes = {
				LastSwiftUpdateCheck = 0940;
				LastUpgradeCheck = 0940;
				ORGANIZATIONNAME = "UL-TS";
				TargetAttributes = {
					2745A0372130016700A4F538 = {
						CreatedOnToolsVersion = 9.4.1;
						LastSwiftMigration = 0940;
					};
					2745A0402130016800A4F538 = {
						CreatedOnToolsVersion = 9.4.1;
					};
				};
			};
			buildConfigurationList = 2745A0322130016700A4F538 /* Build configuration list for PBXProject "apduKit" */;
			compatibilityVersion = "Xcode 9.3";
			developmentRegion = en;
			hasScannedForEncodings = 0;
			knownRegions = (
				en,
			);
			mainGroup = 2745A02E2130016700A4F538;
			productRefGroup = 2745A0392130016700A4F538 /* Products */;
			projectDirPath = "";
			projectRoot = "";
			targets = (
				2745A0372130016700A4F538 /* apduKit */,
				2745A0402130016800A4F538 /* apduKitTests */,
			);
		};
/* End PBXProject section */

/* Begin PBXResourcesBuildPhase section */
		2745A0362130016700A4F538 /* Resources */ = {
			isa = PBXResourcesBuildPhase;
			buildActionMask = 2147483647;
			files = (
			);
			runOnlyForDeploymentPostprocessing = 0;
		};
		2745A03F2130016800A4F538 /* Resources */ = {
			isa = PBXResourcesBuildPhase;
			buildActionMask = 2147483647;
			files = (
			);
			runOnlyForDeploymentPostprocessing = 0;
		};
/* End PBXResourcesBuildPhase section */

/* Begin PBXShellScriptBuildPhase section */
		2713D130213ECA6A0026F412 /* ShellScript */ = {
			isa = PBXShellScriptBuildPhase;
			buildActionMask = 2147483647;
			files = (
			);
			inputPaths = (
			);
			outputPaths = (
			);
			runOnlyForDeploymentPostprocessing = 0;
			shellPath = /bin/sh;
			shellScript = "# Define output file. Change \"$PROJECT_DIR/${PROJECT_NAME}Tests\" to your test's root source folder, if it's not the default name.\nOUTPUT_FILE=\"$PROJECT_DIR/${PROJECT_NAME}Tests/GeneratedMocks.swift\"\necho \"Generated Mocks File = $OUTPUT_FILE\"\n\n# Define input directory. Change \"${PROJECT_DIR}/${PROJECT_NAME}\" to your project's root source folder, if it's not the default name.\nINPUT_DIR=\"${PROJECT_DIR}/${PROJECT_NAME}\"\necho \"Mocks Input Directory = $INPUT_DIR\"\n\n# Generate mock files, include as many input files as you'd like to create mocks for.\n\"${PODS_ROOT}/Cuckoo/run\" generate --testable \"$PROJECT_NAME\" \\\n--output \"${OUTPUT_FILE}\" \\\n\"$INPUT_DIR/interpreter/transportLayer/TransportLayerSimulator.swift\" \\\n\"$INPUT_DIR/interpreter/transportLayer/TransportLayerDelegate.swift\" \\\n\"$INPUT_DIR/FileName3.swift\"\n# ... and so forth, the last line should never end with a backslash\n\n# After running once, locate `GeneratedMocks.swift` and drag it into your Xcode test target group.";
		};
		F59CC65FE385AF32D437BBDD /* [CP] Check Pods Manifest.lock */ = {
			isa = PBXShellScriptBuildPhase;
			buildActionMask = 2147483647;
			files = (
			);
			inputPaths = (
				"${PODS_PODFILE_DIR_PATH}/Podfile.lock",
				"${PODS_ROOT}/Manifest.lock",
			);
			name = "[CP] Check Pods Manifest.lock";
			outputPaths = (
				"$(DERIVED_FILE_DIR)/Pods-apduKit-checkManifestLockResult.txt",
			);
			runOnlyForDeploymentPostprocessing = 0;
			shellPath = /bin/sh;
			shellScript = "diff \"${PODS_PODFILE_DIR_PATH}/Podfile.lock\" \"${PODS_ROOT}/Manifest.lock\" > /dev/null\nif [ $? != 0 ] ; then\n    # print error to STDERR\n    echo \"error: The sandbox is not in sync with the Podfile.lock. Run 'pod install' or update your CocoaPods installation.\" >&2\n    exit 1\nfi\n# This output is used by Xcode 'outputs' to avoid re-running this script phase.\necho \"SUCCESS\" > \"${SCRIPT_OUTPUT_FILE_0}\"\n";
			showEnvVarsInLog = 0;
		};
		FDEC08E6E34644582B6CB88F /* [CP] Check Pods Manifest.lock */ = {
			isa = PBXShellScriptBuildPhase;
			buildActionMask = 2147483647;
			files = (
			);
			inputPaths = (
				"${PODS_PODFILE_DIR_PATH}/Podfile.lock",
				"${PODS_ROOT}/Manifest.lock",
			);
			name = "[CP] Check Pods Manifest.lock";
			outputPaths = (
				"$(DERIVED_FILE_DIR)/Pods-apduKitTests-checkManifestLockResult.txt",
			);
			runOnlyForDeploymentPostprocessing = 0;
			shellPath = /bin/sh;
			shellScript = "diff \"${PODS_PODFILE_DIR_PATH}/Podfile.lock\" \"${PODS_ROOT}/Manifest.lock\" > /dev/null\nif [ $? != 0 ] ; then\n    # print error to STDERR\n    echo \"error: The sandbox is not in sync with the Podfile.lock. Run 'pod install' or update your CocoaPods installation.\" >&2\n    exit 1\nfi\n# This output is used by Xcode 'outputs' to avoid re-running this script phase.\necho \"SUCCESS\" > \"${SCRIPT_OUTPUT_FILE_0}\"\n";
			showEnvVarsInLog = 0;
		};
/* End PBXShellScriptBuildPhase section */

/* Begin PBXSourcesBuildPhase section */
		2745A0332130016700A4F538 /* Sources */ = {
			isa = PBXSourcesBuildPhase;
			buildActionMask = 2147483647;
			files = (
				27C82254213EC306005D7B9B /* TransportLayer.swift in Sources */,
				2745A06C21301A5800A4F538 /* Types.swift in Sources */,
				2745A0662130094A00A4F538 /* Constants.swift in Sources */,
				27C8225B213EC40F005D7B9B /* TransportLayerSimulator.swift in Sources */,
				271EFF922137EEFB0000CBAF /* ReadBinaryCommand.swift in Sources */,
				271EFF95213817E60000CBAF /* ReadBinaryShortFileIDCommand.swift in Sources */,
				27BAE42D2135420D00EEE5A1 /* ByteArrayInputStream.swift in Sources */,
				27BAE4232134484100EEE5A1 /* ApduLengthUtils.swift in Sources */,
				27DB4BBB2141775A005E0884 /* InternalAuthenticateCommand.swift in Sources */,
				27BAE41021340DFB00EEE5A1 /* StatusCode.swift in Sources */,
				2745A0772130440300A4F538 /* ConversionUtilsErrors.swift in Sources */,
				27BAE40E21340D2800EEE5A1 /* SelectFileType.swift in Sources */,
				2745A070213031FB00A4F538 /* InstructionClass.swift in Sources */,
				2745A0622130034700A4F538 /* DedicatedFileID.swift in Sources */,
				271EFF9A213826910000CBAF /* ReadBinaryOffsetCommand.swift in Sources */,
				27530A2C2136DD3B0064B48B /* ResponseApdu.swift in Sources */,
				2745A0602130030500A4F538 /* FileID.swift in Sources */,
				27BAE412213413F700EEE5A1 /* ApduFile.swift in Sources */,
				27BAE42A21353CAE00EEE5A1 /* ByteArrayOutputStream.swift in Sources */,
				27BAE40A2133FDD000EEE5A1 /* InstructionCode.swift in Sources */,
				2745A057213001D500A4F538 /* Apdu.swift in Sources */,
				27BAE41F2134283B00EEE5A1 /* ExpectedResult.swift in Sources */,
				27C82257213EC3D6005D7B9B /* TransportLayerDelegate.swift in Sources */,
				2745A0592130026E00A4F538 /* CommandApdu.swift in Sources */,
				2745A0642130037000A4F538 /* ElementaryFileID.swift in Sources */,
				27BAE41821341FBA00EEE5A1 /* ApduErrors.swift in Sources */,
				2713D128213EC57D0026F412 /* InterpreterErrors.swift in Sources */,
				27530A262136987A0064B48B /* ExampleApp.swift in Sources */,
				27BAE41D213426DC00EEE5A1 /* SelectCommand.swift in Sources */,
				27BAE4212134322800EEE5A1 /* ApduUtils.swift in Sources */,
				2745A06A2130176700A4F538 /* ConversionUtils.swift in Sources */,
			);
			runOnlyForDeploymentPostprocessing = 0;
		};
		2745A03D2130016800A4F538 /* Sources */ = {
			isa = PBXSourcesBuildPhase;
			buildActionMask = 2147483647;
			files = (
				27530A1D213698180064B48B /* StatusCode.swift in Sources */,
				271EFFA1213830C90000CBAF /* ReadBinaryOffsetCommand.swift in Sources */,
				27530A15213698150064B48B /* CommandApdu.swift in Sources */,
				27DB4BBC2141775C005E0884 /* InternalAuthenticateCommand.swift in Sources */,
				27530A24213698200064B48B /* ApduFile.swift in Sources */,
				27C82251213EBB33005D7B9B /* ReadBinaryShortFileIDCommandBuildTests.swift in Sources */,
				271EFF98213824480000CBAF /* ReadBinaryOffsetCommandBuildTests.swift in Sources */,
				27530A0B21357DBE0064B48B /* ApduLengthUtilsUnitTests.swift in Sources */,
				27530A1C213698180064B48B /* SelectFileType.swift in Sources */,
				27530A21213698200064B48B /* FileID.swift in Sources */,
				27BAE42E2135451600EEE5A1 /* ByteArrayInputStream.swift in Sources */,
				2713D132213ECB4A0026F412 /* GeneratedMocks.swift in Sources */,
				2745A0732130331700A4F538 /* ConversionUtilsTests.swift in Sources */,
				271EFFA0213830C90000CBAF /* ReadBinaryShortFileIDCommand.swift in Sources */,
				2745A0752130338800A4F538 /* ConversionUtils.swift in Sources */,
				27530A16213698150064B48B /* Constants.swift in Sources */,
				271EFF8D2137E48D0000CBAF /* ResponseApduBuildTests.swift in Sources */,
				27530A1A213698180064B48B /* InstructionClass.swift in Sources */,
				27530A22213698200064B48B /* DedicatedFileID.swift in Sources */,
				2713D12D213EC9DF0026F412 /* TransportLayer.swift in Sources */,
				27530A19213698180064B48B /* ExpectedResult.swift in Sources */,
				27530A10213691A80064B48B /* SelectCommandBuildTests.swift in Sources */,
				2713D12F213EC9DF0026F412 /* TransportLayerSimulator.swift in Sources */,
				27BAE42621344EC900EEE5A1 /* StreamsTest.swift in Sources */,
				271EFFA321383D5C0000CBAF /* ReadBinaryOffsetCommandParseTests.swift in Sources */,
				27530A2821369CC50064B48B /* ExampleApp.swift in Sources */,
				271EFF9F213830C90000CBAF /* ReadBinaryCommand.swift in Sources */,
				271EFF902137E8260000CBAF /* ResponseApduParseTests.swift in Sources */,
				27BAE42B21353FDD00EEE5A1 /* ByteArrayOutputStream.swift in Sources */,
				27530A0C21357ED10064B48B /* ApduLengthUtils.swift in Sources */,
				2713D12B213EC8670026F412 /* TransportLayerSimulatorTests.swift in Sources */,
				271EFF9C213830C90000CBAF /* Types.swift in Sources */,
				27530A2A2136CD5A0064B48B /* SelectCommandParseTests.swift in Sources */,
				271EFF9E213830C90000CBAF /* ResponseApdu.swift in Sources */,
				27530A0D213587FD0064B48B /* ApduErrors.swift in Sources */,
				27530A14213698150064B48B /* Apdu.swift in Sources */,
				271EFFA5213844A50000CBAF /* ReadBinaryShortFileIDCommandParseTests.swift in Sources */,
				27530A1B213698180064B48B /* InstructionCode.swift in Sources */,
				2713D129213EC5820026F412 /* InterpreterErrors.swift in Sources */,
				27530A08213578B60064B48B /* ApduUtils.swift in Sources */,
				271EFF9D213830C90000CBAF /* SelectCommand.swift in Sources */,
				2745A0782130441E00A4F538 /* ConversionUtilsErrors.swift in Sources */,
				2713D12E213EC9DF0026F412 /* TransportLayerDelegate.swift in Sources */,
				27530A23213698200064B48B /* ElementaryFileID.swift in Sources */,
				2713D136213ECDF00026F412 /* MatchableArray.swift in Sources */,
			);
			runOnlyForDeploymentPostprocessing = 0;
		};
/* End PBXSourcesBuildPhase section */

/* Begin PBXTargetDependency section */
		2745A0442130016800A4F538 /* PBXTargetDependency */ = {
			isa = PBXTargetDependency;
			target = 2745A0372130016700A4F538 /* apduKit */;
			targetProxy = 2745A0432130016800A4F538 /* PBXContainerItemProxy */;
		};
/* End PBXTargetDependency section */

/* Begin XCBuildConfiguration section */
		2745A04A2130016800A4F538 /* Debug */ = {
			isa = XCBuildConfiguration;
			buildSettings = {
				ALWAYS_SEARCH_USER_PATHS = NO;
				CLANG_ANALYZER_NONNULL = YES;
				CLANG_ANALYZER_NUMBER_OBJECT_CONVERSION = YES_AGGRESSIVE;
				CLANG_CXX_LANGUAGE_STANDARD = "gnu++14";
				CLANG_CXX_LIBRARY = "libc++";
				CLANG_ENABLE_MODULES = YES;
				CLANG_ENABLE_OBJC_ARC = YES;
				CLANG_ENABLE_OBJC_WEAK = YES;
				CLANG_WARN_BLOCK_CAPTURE_AUTORELEASING = YES;
				CLANG_WARN_BOOL_CONVERSION = YES;
				CLANG_WARN_COMMA = YES;
				CLANG_WARN_CONSTANT_CONVERSION = YES;
				CLANG_WARN_DEPRECATED_OBJC_IMPLEMENTATIONS = YES;
				CLANG_WARN_DIRECT_OBJC_ISA_USAGE = YES_ERROR;
				CLANG_WARN_DOCUMENTATION_COMMENTS = YES;
				CLANG_WARN_EMPTY_BODY = YES;
				CLANG_WARN_ENUM_CONVERSION = YES;
				CLANG_WARN_INFINITE_RECURSION = YES;
				CLANG_WARN_INT_CONVERSION = YES;
				CLANG_WARN_NON_LITERAL_NULL_CONVERSION = YES;
				CLANG_WARN_OBJC_IMPLICIT_RETAIN_SELF = YES;
				CLANG_WARN_OBJC_LITERAL_CONVERSION = YES;
				CLANG_WARN_OBJC_ROOT_CLASS = YES_ERROR;
				CLANG_WARN_RANGE_LOOP_ANALYSIS = YES;
				CLANG_WARN_STRICT_PROTOTYPES = YES;
				CLANG_WARN_SUSPICIOUS_MOVE = YES;
				CLANG_WARN_UNGUARDED_AVAILABILITY = YES_AGGRESSIVE;
				CLANG_WARN_UNREACHABLE_CODE = YES;
				CLANG_WARN__DUPLICATE_METHOD_MATCH = YES;
				CODE_SIGN_IDENTITY = "iPhone Developer";
				COPY_PHASE_STRIP = NO;
				CURRENT_PROJECT_VERSION = 1;
				DEBUG_INFORMATION_FORMAT = dwarf;
				ENABLE_STRICT_OBJC_MSGSEND = YES;
				ENABLE_TESTABILITY = YES;
				GCC_C_LANGUAGE_STANDARD = gnu11;
				GCC_DYNAMIC_NO_PIC = NO;
				GCC_NO_COMMON_BLOCKS = YES;
				GCC_OPTIMIZATION_LEVEL = 0;
				GCC_PREPROCESSOR_DEFINITIONS = (
					"DEBUG=1",
					"$(inherited)",
				);
				GCC_WARN_64_TO_32_BIT_CONVERSION = YES;
				GCC_WARN_ABOUT_RETURN_TYPE = YES_ERROR;
				GCC_WARN_UNDECLARED_SELECTOR = YES;
				GCC_WARN_UNINITIALIZED_AUTOS = YES_AGGRESSIVE;
				GCC_WARN_UNUSED_FUNCTION = YES;
				GCC_WARN_UNUSED_VARIABLE = YES;
				IPHONEOS_DEPLOYMENT_TARGET = 11.4;
				MTL_ENABLE_DEBUG_INFO = YES;
				ONLY_ACTIVE_ARCH = YES;
				SDKROOT = iphoneos;
				SWIFT_ACTIVE_COMPILATION_CONDITIONS = DEBUG;
				SWIFT_OPTIMIZATION_LEVEL = "-Onone";
				VERSIONING_SYSTEM = "apple-generic";
				VERSION_INFO_PREFIX = "";
			};
			name = Debug;
		};
		2745A04B2130016800A4F538 /* Release */ = {
			isa = XCBuildConfiguration;
			buildSettings = {
				ALWAYS_SEARCH_USER_PATHS = NO;
				CLANG_ANALYZER_NONNULL = YES;
				CLANG_ANALYZER_NUMBER_OBJECT_CONVERSION = YES_AGGRESSIVE;
				CLANG_CXX_LANGUAGE_STANDARD = "gnu++14";
				CLANG_CXX_LIBRARY = "libc++";
				CLANG_ENABLE_MODULES = YES;
				CLANG_ENABLE_OBJC_ARC = YES;
				CLANG_ENABLE_OBJC_WEAK = YES;
				CLANG_WARN_BLOCK_CAPTURE_AUTORELEASING = YES;
				CLANG_WARN_BOOL_CONVERSION = YES;
				CLANG_WARN_COMMA = YES;
				CLANG_WARN_CONSTANT_CONVERSION = YES;
				CLANG_WARN_DEPRECATED_OBJC_IMPLEMENTATIONS = YES;
				CLANG_WARN_DIRECT_OBJC_ISA_USAGE = YES_ERROR;
				CLANG_WARN_DOCUMENTATION_COMMENTS = YES;
				CLANG_WARN_EMPTY_BODY = YES;
				CLANG_WARN_ENUM_CONVERSION = YES;
				CLANG_WARN_INFINITE_RECURSION = YES;
				CLANG_WARN_INT_CONVERSION = YES;
				CLANG_WARN_NON_LITERAL_NULL_CONVERSION = YES;
				CLANG_WARN_OBJC_IMPLICIT_RETAIN_SELF = YES;
				CLANG_WARN_OBJC_LITERAL_CONVERSION = YES;
				CLANG_WARN_OBJC_ROOT_CLASS = YES_ERROR;
				CLANG_WARN_RANGE_LOOP_ANALYSIS = YES;
				CLANG_WARN_STRICT_PROTOTYPES = YES;
				CLANG_WARN_SUSPICIOUS_MOVE = YES;
				CLANG_WARN_UNGUARDED_AVAILABILITY = YES_AGGRESSIVE;
				CLANG_WARN_UNREACHABLE_CODE = YES;
				CLANG_WARN__DUPLICATE_METHOD_MATCH = YES;
				CODE_SIGN_IDENTITY = "iPhone Developer";
				COPY_PHASE_STRIP = NO;
				CURRENT_PROJECT_VERSION = 1;
				DEBUG_INFORMATION_FORMAT = "dwarf-with-dsym";
				ENABLE_NS_ASSERTIONS = NO;
				ENABLE_STRICT_OBJC_MSGSEND = YES;
				GCC_C_LANGUAGE_STANDARD = gnu11;
				GCC_NO_COMMON_BLOCKS = YES;
				GCC_WARN_64_TO_32_BIT_CONVERSION = YES;
				GCC_WARN_ABOUT_RETURN_TYPE = YES_ERROR;
				GCC_WARN_UNDECLARED_SELECTOR = YES;
				GCC_WARN_UNINITIALIZED_AUTOS = YES_AGGRESSIVE;
				GCC_WARN_UNUSED_FUNCTION = YES;
				GCC_WARN_UNUSED_VARIABLE = YES;
				IPHONEOS_DEPLOYMENT_TARGET = 11.4;
				MTL_ENABLE_DEBUG_INFO = NO;
				SDKROOT = iphoneos;
				SWIFT_COMPILATION_MODE = wholemodule;
				SWIFT_OPTIMIZATION_LEVEL = "-O";
				VALIDATE_PRODUCT = YES;
				VERSIONING_SYSTEM = "apple-generic";
				VERSION_INFO_PREFIX = "";
			};
			name = Release;
		};
		2745A04D2130016800A4F538 /* Debug */ = {
			isa = XCBuildConfiguration;
			baseConfigurationReference = 22D55AAAA3F66934D97DFF76 /* Pods-apduKit.debug.xcconfig */;
			buildSettings = {
				CLANG_ENABLE_MODULES = YES;
				CODE_SIGN_IDENTITY = "";
				CODE_SIGN_STYLE = Automatic;
				DEFINES_MODULE = YES;
				DEVELOPMENT_TEAM = C8466875AK;
				DYLIB_COMPATIBILITY_VERSION = 1;
				DYLIB_CURRENT_VERSION = 1;
				DYLIB_INSTALL_NAME_BASE = "@rpath";
				INFOPLIST_FILE = "$(SRCROOT)/apduKit/resources/Info.plist";
				INSTALL_PATH = "$(LOCAL_LIBRARY_DIR)/Frameworks";
				LD_RUNPATH_SEARCH_PATHS = (
					"$(inherited)",
					"@executable_path/Frameworks",
					"@loader_path/Frameworks",
				);
				PRODUCT_BUNDLE_IDENTIFIER = "com.ul-ts.apduKit";
				PRODUCT_NAME = "$(TARGET_NAME:c99extidentifier)";
				SKIP_INSTALL = YES;
				SWIFT_OPTIMIZATION_LEVEL = "-Onone";
				SWIFT_VERSION = 4.0;
				TARGETED_DEVICE_FAMILY = "1,2";
			};
			name = Debug;
		};
		2745A04E2130016800A4F538 /* Release */ = {
			isa = XCBuildConfiguration;
			baseConfigurationReference = 4168A7FF25407A3FDA5F6472 /* Pods-apduKit.release.xcconfig */;
			buildSettings = {
				CLANG_ENABLE_MODULES = YES;
				CODE_SIGN_IDENTITY = "";
				CODE_SIGN_STYLE = Automatic;
				DEFINES_MODULE = YES;
				DEVELOPMENT_TEAM = C8466875AK;
				DYLIB_COMPATIBILITY_VERSION = 1;
				DYLIB_CURRENT_VERSION = 1;
				DYLIB_INSTALL_NAME_BASE = "@rpath";
				INFOPLIST_FILE = "$(SRCROOT)/apduKit/resources/Info.plist";
				INSTALL_PATH = "$(LOCAL_LIBRARY_DIR)/Frameworks";
				LD_RUNPATH_SEARCH_PATHS = (
					"$(inherited)",
					"@executable_path/Frameworks",
					"@loader_path/Frameworks",
				);
				PRODUCT_BUNDLE_IDENTIFIER = "com.ul-ts.apduKit";
				PRODUCT_NAME = "$(TARGET_NAME:c99extidentifier)";
				SKIP_INSTALL = YES;
				SWIFT_VERSION = 4.0;
				TARGETED_DEVICE_FAMILY = "1,2";
			};
			name = Release;
		};
		2745A0502130016800A4F538 /* Debug */ = {
			isa = XCBuildConfiguration;
			baseConfigurationReference = F8EF3BAF405520F7DEEA84EE /* Pods-apduKitTests.debug.xcconfig */;
			buildSettings = {
				ALWAYS_EMBED_SWIFT_STANDARD_LIBRARIES = YES;
				CODE_SIGN_STYLE = Automatic;
				DEVELOPMENT_TEAM = C8466875AK;
				INFOPLIST_FILE = apduKitTests/Info.plist;
				LD_RUNPATH_SEARCH_PATHS = (
					"$(inherited)",
					"@executable_path/Frameworks",
					"@loader_path/Frameworks",
				);
				PRODUCT_BUNDLE_IDENTIFIER = "com.ul-ts.apduKitTests";
				PRODUCT_NAME = "$(TARGET_NAME)";
				SWIFT_VERSION = 4.0;
				TARGETED_DEVICE_FAMILY = "1,2";
			};
			name = Debug;
		};
		2745A0512130016800A4F538 /* Release */ = {
			isa = XCBuildConfiguration;
			baseConfigurationReference = 66E2C831B4874F0A2706873D /* Pods-apduKitTests.release.xcconfig */;
			buildSettings = {
				ALWAYS_EMBED_SWIFT_STANDARD_LIBRARIES = YES;
				CODE_SIGN_STYLE = Automatic;
				DEVELOPMENT_TEAM = C8466875AK;
				INFOPLIST_FILE = apduKitTests/Info.plist;
				LD_RUNPATH_SEARCH_PATHS = (
					"$(inherited)",
					"@executable_path/Frameworks",
					"@loader_path/Frameworks",
				);
				PRODUCT_BUNDLE_IDENTIFIER = "com.ul-ts.apduKitTests";
				PRODUCT_NAME = "$(TARGET_NAME)";
				SWIFT_VERSION = 4.0;
				TARGETED_DEVICE_FAMILY = "1,2";
			};
			name = Release;
		};
/* End XCBuildConfiguration section */

/* Begin XCConfigurationList section */
		2745A0322130016700A4F538 /* Build configuration list for PBXProject "apduKit" */ = {
			isa = XCConfigurationList;
			buildConfigurations = (
				2745A04A2130016800A4F538 /* Debug */,
				2745A04B2130016800A4F538 /* Release */,
			);
			defaultConfigurationIsVisible = 0;
			defaultConfigurationName = Release;
		};
		2745A04C2130016800A4F538 /* Build configuration list for PBXNativeTarget "apduKit" */ = {
			isa = XCConfigurationList;
			buildConfigurations = (
				2745A04D2130016800A4F538 /* Debug */,
				2745A04E2130016800A4F538 /* Release */,
			);
			defaultConfigurationIsVisible = 0;
			defaultConfigurationName = Release;
		};
		2745A04F2130016800A4F538 /* Build configuration list for PBXNativeTarget "apduKitTests" */ = {
			isa = XCConfigurationList;
			buildConfigurations = (
				2745A0502130016800A4F538 /* Debug */,
				2745A0512130016800A4F538 /* Release */,
			);
			defaultConfigurationIsVisible = 0;
			defaultConfigurationName = Release;
		};
/* End XCConfigurationList section */
	};
	rootObject = 2745A02F2130016700A4F538 /* Project object */;
}
